// !$*UTF8*$!
{
	archiveVersion = 1;
	classes = {
	};
	objectVersion = 50;
	objects = {

/* Begin PBXBuildFile section */
		10B48B6C24C87D60008B3618 /* AppDelegate.swift in Sources */ = {isa = PBXBuildFile; fileRef = 10B48B6B24C87D60008B3618 /* AppDelegate.swift */; };
		10B48B6E24C87D60008B3618 /* SceneDelegate.swift in Sources */ = {isa = PBXBuildFile; fileRef = 10B48B6D24C87D60008B3618 /* SceneDelegate.swift */; };
		10B48B7024C87D60008B3618 /* ViewController.swift in Sources */ = {isa = PBXBuildFile; fileRef = 10B48B6F24C87D60008B3618 /* ViewController.swift */; };
		10B48B7324C87D61008B3618 /* Main.storyboard in Resources */ = {isa = PBXBuildFile; fileRef = 10B48B7124C87D60008B3618 /* Main.storyboard */; };
		10B48B7524C87D86008B3618 /* Assets.xcassets in Resources */ = {isa = PBXBuildFile; fileRef = 10B48B7424C87D86008B3618 /* Assets.xcassets */; };
		10B48B7824C87D86008B3618 /* LaunchScreen.storyboard in Resources */ = {isa = PBXBuildFile; fileRef = 10B48B7624C87D86008B3618 /* LaunchScreen.storyboard */; };
		10B910CF24C89E29008CF66A /* ResultsPopUp.swift in Sources */ = {isa = PBXBuildFile; fileRef = 10B910CE24C89E29008CF66A /* ResultsPopUp.swift */; };
		10B910D124C996DB008CF66A /* AutoLayoutButton.swift in Sources */ = {isa = PBXBuildFile; fileRef = 10B910D024C996DB008CF66A /* AutoLayoutButton.swift */; };
		10B910D424C99BAB008CF66A /* Question.swift in Sources */ = {isa = PBXBuildFile; fileRef = 10B910D324C99BAB008CF66A /* Question.swift */; };
		10BF11B824C9A4EC00B3DED2 /* Data.swift in Sources */ = {isa = PBXBuildFile; fileRef = 10BF11B624C9A4EA00B3DED2 /* Data.swift */; };
		10BF11B924C9A4EC00B3DED2 /* Results.swift in Sources */ = {isa = PBXBuildFile; fileRef = 10BF11B724C9A4EC00B3DED2 /* Results.swift */; };
		10BF11BC24C9AC8900B3DED2 /* Constants.swift in Sources */ = {isa = PBXBuildFile; fileRef = 10BF11BB24C9AC8900B3DED2 /* Constants.swift */; };
/* End PBXBuildFile section */

/* Begin PBXFileReference section */
		10B48B6824C87D60008B3618 /* SchoolQuiz.app */ = {isa = PBXFileReference; explicitFileType = wrapper.application; includeInIndex = 0; path = SchoolQuiz.app; sourceTree = BUILT_PRODUCTS_DIR; };
		10B48B6B24C87D60008B3618 /* AppDelegate.swift */ = {isa = PBXFileReference; lastKnownFileType = sourcecode.swift; path = AppDelegate.swift; sourceTree = "<group>"; };
		10B48B6D24C87D60008B3618 /* SceneDelegate.swift */ = {isa = PBXFileReference; lastKnownFileType = sourcecode.swift; path = SceneDelegate.swift; sourceTree = "<group>"; };
		10B48B6F24C87D60008B3618 /* ViewController.swift */ = {isa = PBXFileReference; lastKnownFileType = sourcecode.swift; path = ViewController.swift; sourceTree = "<group>"; };
		10B48B7224C87D60008B3618 /* Base */ = {isa = PBXFileReference; lastKnownFileType = file.storyboard; name = Base; path = Base.lproj/Main.storyboard; sourceTree = "<group>"; };
		10B48B7424C87D86008B3618 /* Assets.xcassets */ = {isa = PBXFileReference; lastKnownFileType = folder.assetcatalog; path = Assets.xcassets; sourceTree = "<group>"; };
		10B48B7724C87D86008B3618 /* Base */ = {isa = PBXFileReference; lastKnownFileType = file.storyboard; name = Base; path = Base.lproj/LaunchScreen.storyboard; sourceTree = "<group>"; };
		10B48B7924C87D86008B3618 /* Info.plist */ = {isa = PBXFileReference; lastKnownFileType = text.plist.xml; path = Info.plist; sourceTree = "<group>"; };
		10B910CE24C89E29008CF66A /* ResultsPopUp.swift */ = {isa = PBXFileReference; lastKnownFileType = sourcecode.swift; path = ResultsPopUp.swift; sourceTree = "<group>"; };
		10B910D024C996DB008CF66A /* AutoLayoutButton.swift */ = {isa = PBXFileReference; lastKnownFileType = sourcecode.swift; path = AutoLayoutButton.swift; sourceTree = "<group>"; };
		10B910D324C99BAB008CF66A /* Question.swift */ = {isa = PBXFileReference; lastKnownFileType = sourcecode.swift; path = Question.swift; sourceTree = "<group>"; };
		10BF11B624C9A4EA00B3DED2 /* Data.swift */ = {isa = PBXFileReference; fileEncoding = 4; lastKnownFileType = sourcecode.swift; path = Data.swift; sourceTree = "<group>"; };
		10BF11B724C9A4EC00B3DED2 /* Results.swift */ = {isa = PBXFileReference; fileEncoding = 4; lastKnownFileType = sourcecode.swift; path = Results.swift; sourceTree = "<group>"; };
		10BF11BB24C9AC8900B3DED2 /* Constants.swift */ = {isa = PBXFileReference; lastKnownFileType = sourcecode.swift; path = Constants.swift; sourceTree = "<group>"; };
/* End PBXFileReference section */

/* Begin PBXFrameworksBuildPhase section */
		10B48B6524C87D60008B3618 /* Frameworks */ = {
			isa = PBXFrameworksBuildPhase;
			buildActionMask = 2147483647;
			files = (
			);
			runOnlyForDeploymentPostprocessing = 0;
		};
/* End PBXFrameworksBuildPhase section */

/* Begin PBXGroup section */
		10B48B5F24C87D60008B3618 = {
			isa = PBXGroup;
			children = (
				10B48B6A24C87D60008B3618 /* SchoolQuiz */,
				10B48B6924C87D60008B3618 /* Products */,
			);
			sourceTree = "<group>";
		};
		10B48B6924C87D60008B3618 /* Products */ = {
			isa = PBXGroup;
			children = (
				10B48B6824C87D60008B3618 /* SchoolQuiz.app */,
			);
			name = Products;
			sourceTree = "<group>";
		};
		10B48B6A24C87D60008B3618 /* SchoolQuiz */ = {
			isa = PBXGroup;
			children = (
				10BF11BD24C9AD4B00B3DED2 /* Models */,
				10BF11BA24C9AC7000B3DED2 /* Constants */,
				10B48B6B24C87D60008B3618 /* AppDelegate.swift */,
				10B48B6D24C87D60008B3618 /* SceneDelegate.swift */,
				10B48B6F24C87D60008B3618 /* ViewController.swift */,
				10B910CE24C89E29008CF66A /* ResultsPopUp.swift */,
				10B910D024C996DB008CF66A /* AutoLayoutButton.swift */,
				10B48B7124C87D60008B3618 /* Main.storyboard */,
				10B48B7424C87D86008B3618 /* Assets.xcassets */,
				10B48B7624C87D86008B3618 /* LaunchScreen.storyboard */,
				10B48B7924C87D86008B3618 /* Info.plist */,
			);
			path = SchoolQuiz;
			sourceTree = "<group>";
		};
		10BF11BA24C9AC7000B3DED2 /* Constants */ = {
			isa = PBXGroup;
			children = (
				10BF11BB24C9AC8900B3DED2 /* Constants.swift */,
			);
			name = Constants;
			sourceTree = "<group>";
		};
		10BF11BD24C9AD4B00B3DED2 /* Models */ = {
			isa = PBXGroup;
			children = (
				10BF11B624C9A4EA00B3DED2 /* Data.swift */,
				10BF11B724C9A4EC00B3DED2 /* Results.swift */,
				10B910D324C99BAB008CF66A /* Question.swift */,
			);
			name = Models;
			sourceTree = "<group>";
		};
/* End PBXGroup section */

/* Begin PBXNativeTarget section */
		10B48B6724C87D60008B3618 /* SchoolQuiz */ = {
			isa = PBXNativeTarget;
			buildConfigurationList = 10B48B7C24C87D86008B3618 /* Build configuration list for PBXNativeTarget "SchoolQuiz" */;
			buildPhases = (
				10B48B6424C87D60008B3618 /* Sources */,
				10B48B6524C87D60008B3618 /* Frameworks */,
				10B48B6624C87D60008B3618 /* Resources */,
			);
			buildRules = (
			);
			dependencies = (
			);
			name = SchoolQuiz;
			productName = SchoolQuiz;
			productReference = 10B48B6824C87D60008B3618 /* SchoolQuiz.app */;
			productType = "com.apple.product-type.application";
		};
/* End PBXNativeTarget section */

/* Begin PBXProject section */
		10B48B6024C87D60008B3618 /* Project object */ = {
			isa = PBXProject;
			attributes = {
				LastSwiftUpdateCheck = 1160;
				LastUpgradeCheck = 1160;
				ORGANIZATIONNAME = VBCLimited;
				TargetAttributes = {
					10B48B6724C87D60008B3618 = {
						CreatedOnToolsVersion = 11.6;
					};
				};
			};
			buildConfigurationList = 10B48B6324C87D60008B3618 /* Build configuration list for PBXProject "SchoolQuiz" */;
			compatibilityVersion = "Xcode 9.3";
			developmentRegion = en;
			hasScannedForEncodings = 0;
			knownRegions = (
				en,
				Base,
			);
			mainGroup = 10B48B5F24C87D60008B3618;
			productRefGroup = 10B48B6924C87D60008B3618 /* Products */;
			projectDirPath = "";
			projectRoot = "";
			targets = (
				10B48B6724C87D60008B3618 /* SchoolQuiz */,
			);
		};
/* End PBXProject section */

/* Begin PBXResourcesBuildPhase section */
		10B48B6624C87D60008B3618 /* Resources */ = {
			isa = PBXResourcesBuildPhase;
			buildActionMask = 2147483647;
			files = (
				10B48B7824C87D86008B3618 /* LaunchScreen.storyboard in Resources */,
				10B48B7524C87D86008B3618 /* Assets.xcassets in Resources */,
				10B48B7324C87D61008B3618 /* Main.storyboard in Resources */,
			);
			runOnlyForDeploymentPostprocessing = 0;
		};
/* End PBXResourcesBuildPhase section */

/* Begin PBXSourcesBuildPhase section */
		10B48B6424C87D60008B3618 /* Sources */ = {
			isa = PBXSourcesBuildPhase;
			buildActionMask = 2147483647;
			files = (
				10B48B7024C87D60008B3618 /* ViewController.swift in Sources */,
				10B48B6C24C87D60008B3618 /* AppDelegate.swift in Sources */,
				10BF11B924C9A4EC00B3DED2 /* Results.swift in Sources */,
				10B48B6E24C87D60008B3618 /* SceneDelegate.swift in Sources */,
				10B910D424C99BAB008CF66A /* Question.swift in Sources */,
				10B910CF24C89E29008CF66A /* ResultsPopUp.swift in Sources */,
				10BF11B824C9A4EC00B3DED2 /* Data.swift in Sources */,
				10B910D124C996DB008CF66A /* AutoLayoutButton.swift in Sources */,
				10BF11BC24C9AC8900B3DED2 /* Constants.swift in Sources */,
			);
			runOnlyForDeploymentPostprocessing = 0;
		};
/* End PBXSourcesBuildPhase section */

/* Begin PBXVariantGroup section */
		10B48B7124C87D60008B3618 /* Main.storyboard */ = {
			isa = PBXVariantGroup;
			children = (
				10B48B7224C87D60008B3618 /* Base */,
			);
			name = Main.storyboard;
			sourceTree = "<group>";
		};
		10B48B7624C87D86008B3618 /* LaunchScreen.storyboard */ = {
			isa = PBXVariantGroup;
			children = (
				10B48B7724C87D86008B3618 /* Base */,
			);
			name = LaunchScreen.storyboard;
			sourceTree = "<group>";
		};
/* End PBXVariantGroup section */

/* Begin XCBuildConfiguration section */
		10B48B7A24C87D86008B3618 /* Debug */ = {
			isa = XCBuildConfiguration;
			buildSettings = {
				ALWAYS_SEARCH_USER_PATHS = NO;
				CLANG_ANALYZER_NONNULL = YES;
				CLANG_ANALYZER_NUMBER_OBJECT_CONVERSION = YES_AGGRESSIVE;
				CLANG_CXX_LANGUAGE_STANDARD = "gnu++14";
				CLANG_CXX_LIBRARY = "libc++";
				CLANG_ENABLE_MODULES = YES;
				CLANG_ENABLE_OBJC_ARC = YES;
				CLANG_ENABLE_OBJC_WEAK = YES;
				CLANG_WARN_BLOCK_CAPTURE_AUTORELEASING = YES;
				CLANG_WARN_BOOL_CONVERSION = YES;
				CLANG_WARN_COMMA = YES;
				CLANG_WARN_CONSTANT_CONVERSION = YES;
				CLANG_WARN_DEPRECATED_OBJC_IMPLEMENTATIONS = YES;
				CLANG_WARN_DIRECT_OBJC_ISA_USAGE = YES_ERROR;
				CLANG_WARN_DOCUMENTATION_COMMENTS = YES;
				CLANG_WARN_EMPTY_BODY = YES;
				CLANG_WARN_ENUM_CONVERSION = YES;
				CLANG_WARN_INFINITE_RECURSION = YES;
				CLANG_WARN_INT_CONVERSION = YES;
				CLANG_WARN_NON_LITERAL_NULL_CONVERSION = YES;
				CLANG_WARN_OBJC_IMPLICIT_RETAIN_SELF = YES;
				CLANG_WARN_OBJC_LITERAL_CONVERSION = YES;
				CLANG_WARN_OBJC_ROOT_CLASS = YES_ERROR;
				CLANG_WARN_RANGE_LOOP_ANALYSIS = YES;
				CLANG_WARN_STRICT_PROTOTYPES = YES;
				CLANG_WARN_SUSPICIOUS_MOVE = YES;
				CLANG_WARN_UNGUARDED_AVAILABILITY = YES_AGGRESSIVE;
				CLANG_WARN_UNREACHABLE_CODE = YES;
				CLANG_WARN__DUPLICATE_METHOD_MATCH = YES;
				COPY_PHASE_STRIP = NO;
				DEBUG_INFORMATION_FORMAT = dwarf;
				ENABLE_STRICT_OBJC_MSGSEND = YES;
				ENABLE_TESTABILITY = YES;
				GCC_C_LANGUAGE_STANDARD = gnu11;
				GCC_DYNAMIC_NO_PIC = NO;
				GCC_NO_COMMON_BLOCKS = YES;
				GCC_OPTIMIZATION_LEVEL = 0;
				GCC_PREPROCESSOR_DEFINITIONS = (
					"DEBUG=1",
					"$(inherited)",
				);
				GCC_WARN_64_TO_32_BIT_CONVERSION = YES;
				GCC_WARN_ABOUT_RETURN_TYPE = YES_ERROR;
				GCC_WARN_UNDECLARED_SELECTOR = YES;
				GCC_WARN_UNINITIALIZED_AUTOS = YES_AGGRESSIVE;
				GCC_WARN_UNUSED_FUNCTION = YES;
				GCC_WARN_UNUSED_VARIABLE = YES;
				IPHONEOS_DEPLOYMENT_TARGET = 13.6;
				MTL_ENABLE_DEBUG_INFO = INCLUDE_SOURCE;
				MTL_FAST_MATH = YES;
				ONLY_ACTIVE_ARCH = YES;
				SDKROOT = iphoneos;
				SWIFT_ACTIVE_COMPILATION_CONDITIONS = DEBUG;
				SWIFT_OPTIMIZATION_LEVEL = "-Onone";
			};
			name = Debug;
		};
		10B48B7B24C87D86008B3618 /* Release */ = {
			isa = XCBuildConfiguration;
			buildSettings = {
				ALWAYS_SEARCH_USER_PATHS = NO;
				CLANG_ANALYZER_NONNULL = YES;
				CLANG_ANALYZER_NUMBER_OBJECT_CONVERSION = YES_AGGRESSIVE;
				CLANG_CXX_LANGUAGE_STANDARD = "gnu++14";
				CLANG_CXX_LIBRARY = "libc++";
				CLANG_ENABLE_MODULES = YES;
				CLANG_ENABLE_OBJC_ARC = YES;
				CLANG_ENABLE_OBJC_WEAK = YES;
				CLANG_WARN_BLOCK_CAPTURE_AUTORELEASING = YES;
				CLANG_WARN_BOOL_CONVERSION = YES;
				CLANG_WARN_COMMA = YES;
				CLANG_WARN_CONSTANT_CONVERSION = YES;
				CLANG_WARN_DEPRECATED_OBJC_IMPLEMENTATIONS = YES;
				CLANG_WARN_DIRECT_OBJC_ISA_USAGE = YES_ERROR;
				CLANG_WARN_DOCUMENTATION_COMMENTS = YES;
				CLANG_WARN_EMPTY_BODY = YES;
				CLANG_WARN_ENUM_CONVERSION = YES;
				CLANG_WARN_INFINITE_RECURSION = YES;
				CLANG_WARN_INT_CONVERSION = YES;
				CLANG_WARN_NON_LITERAL_NULL_CONVERSION = YES;
				CLANG_WARN_OBJC_IMPLICIT_RETAIN_SELF = YES;
				CLANG_WARN_OBJC_LITERAL_CONVERSION = YES;
				CLANG_WARN_OBJC_ROOT_CLASS = YES_ERROR;
				CLANG_WARN_RANGE_LOOP_ANALYSIS = YES;
				CLANG_WARN_STRICT_PROTOTYPES = YES;
				CLANG_WARN_SUSPICIOUS_MOVE = YES;
				CLANG_WARN_UNGUARDED_AVAILABILITY = YES_AGGRESSIVE;
				CLANG_WARN_UNREACHABLE_CODE = YES;
				CLANG_WARN__DUPLICATE_METHOD_MATCH = YES;
				COPY_PHASE_STRIP = NO;
				DEBUG_INFORMATION_FORMAT = "dwarf-with-dsym";
				ENABLE_NS_ASSERTIONS = NO;
				ENABLE_STRICT_OBJC_MSGSEND = YES;
				GCC_C_LANGUAGE_STANDARD = gnu11;
				GCC_NO_COMMON_BLOCKS = YES;
				GCC_WARN_64_TO_32_BIT_CONVERSION = YES;
				GCC_WARN_ABOUT_RETURN_TYPE = YES_ERROR;
				GCC_WARN_UNDECLARED_SELECTOR = YES;
				GCC_WARN_UNINITIALIZED_AUTOS = YES_AGGRESSIVE;
				GCC_WARN_UNUSED_FUNCTION = YES;
				GCC_WARN_UNUSED_VARIABLE = YES;
				IPHONEOS_DEPLOYMENT_TARGET = 13.6;
				MTL_ENABLE_DEBUG_INFO = NO;
				MTL_FAST_MATH = YES;
				SDKROOT = iphoneos;
				SWIFT_COMPILATION_MODE = wholemodule;
				SWIFT_OPTIMIZATION_LEVEL = "-O";
				VALIDATE_PRODUCT = YES;
			};
			name = Release;
		};
		10B48B7D24C87D86008B3618 /* Debug */ = {
			isa = XCBuildConfiguration;
			buildSettings = {
				ASSETCATALOG_COMPILER_APPICON_NAME = AppIcon;
				CODE_SIGN_STYLE = Automatic;
				INFOPLIST_FILE = SchoolQuiz/Info.plist;
				LD_RUNPATH_SEARCH_PATHS = (
					"$(inherited)",
					"@executable_path/Frameworks",
				);
				PRODUCT_BUNDLE_IDENTIFIER = com.vbc.SchoolQuiz;
				PRODUCT_NAME = "$(TARGET_NAME)";
				SWIFT_VERSION = 5.0;
				TARGETED_DEVICE_FAMILY = "1,2";
			};
			name = Debug;
		};
		10B48B7E24C87D86008B3618 /* Release */ = {
			isa = XCBuildConfiguration;
			buildSettings = {
				ASSETCATALOG_COMPILER_APPICON_NAME = AppIcon;
				CODE_SIGN_STYLE = Automatic;
				INFOPLIST_FILE = SchoolQuiz/Info.plist;
				LD_RUNPATH_SEARCH_PATHS = (
					"$(inherited)",
					"@executable_path/Frameworks",
				);
				PRODUCT_BUNDLE_IDENTIFIER = com.vbc.SchoolQuiz;
				PRODUCT_NAME = "$(TARGET_NAME)";
				SWIFT_VERSION = 5.0;
				TARGETED_DEVICE_FAMILY = "1,2";
			};
			name = Release;
		};
/* End XCBuildConfiguration section */

/* Begin XCConfigurationList section */
		10B48B6324C87D60008B3618 /* Build configuration list for PBXProject "SchoolQuiz" */ = {
			isa = XCConfigurationList;
			buildConfigurations = (
				10B48B7A24C87D86008B3618 /* Debug */,
				10B48B7B24C87D86008B3618 /* Release */,
			);
			defaultConfigurationIsVisible = 0;
			defaultConfigurationName = Release;
		};
		10B48B7C24C87D86008B3618 /* Build configuration list for PBXNativeTarget "SchoolQuiz" */ = {
			isa = XCConfigurationList;
			buildConfigurations = (
				10B48B7D24C87D86008B3618 /* Debug */,
				10B48B7E24C87D86008B3618 /* Release */,
			);
			defaultConfigurationIsVisible = 0;
			defaultConfigurationName = Release;
		};
/* End XCConfigurationList section */
	};
	rootObject = 10B48B6024C87D60008B3618 /* Project object */;
}
